<?xml version="1.0" encoding="UTF-8"?>
<Scheme
   LastUpgradeVersion = "1430"
   version = "1.8">
   <BuildAction
      parallelizeBuildables = "YES"
      buildImplicitDependencies = "YES">
      <BuildActionEntries>
         <BuildActionEntry
            buildForTesting = "YES"
            buildForRunning = "YES"
            buildForProfiling = "YES"
            buildForArchiving = "YES"
            buildForAnalyzing = "YES">
            <BuildableReference
               BuildableIdentifier = "primary"
               BlueprintIdentifier = "ADC4E90529DB44D900902B38"
               BuildableName = "grapher"
               BlueprintName = "grapher"
               ReferencedContainer = "container:grapher.xcodeproj">
            </BuildableReference>
         </BuildActionEntry>
      </BuildActionEntries>
   </BuildAction>
   <TestAction
      buildConfiguration = "Debug"
      selectedDebuggerIdentifier = "Xcode.DebuggerFoundation.Debugger.LLDB"
      selectedLauncherIdentifier = "Xcode.DebuggerFoundation.Launcher.LLDB"
      shouldUseLaunchSchemeArgsEnv = "YES"
      shouldAutocreateTestPlan = "YES">
      <Testables>
      </Testables>
   </TestAction>
   <LaunchAction
      buildConfiguration = "Debug"
      selectedDebuggerIdentifier = "Xcode.DebuggerFoundation.Debugger.LLDB"
      selectedLauncherIdentifier = "Xcode.DebuggerFoundation.Launcher.LLDB"
      launchStyle = "0"
      useCustomWorkingDirectory = "YES"
      customWorkingDirectory = "/Users/mleykhner/Documents/grapher/build"
      ignoresPersistentStateOnLaunch = "NO"
      debugDocumentVersioning = "YES"
      debugServiceExtension = "internal"
      allowLocationSimulation = "YES"
      viewDebuggingEnabled = "No"
      consoleMode = "1">
      <BuildableProductRunnable
         runnableDebuggingMode = "0">
         <BuildableReference
            BuildableIdentifier = "primary"
            BlueprintIdentifier = "ADC4E90529DB44D900902B38"
            BuildableName = "grapher"
            BlueprintName = "grapher"
            ReferencedContainer = "container:grapher.xcodeproj">
         </BuildableReference>
      </BuildableProductRunnable>
      <CommandLineArguments>
         <CommandLineArgument
            argument = "1 -e &quot;/Users/mleykhner/Documents/grapher/grapher/Tests/task1/list_of_edges_t1_008.txt&quot;"
            isEnabled = "NO">
         </CommandLineArgument>
         <CommandLineArgument
            argument = "2 -m &quot;/Users/mleykhner/Documents/GraphLab/Tasks/task2/matrix_t2_010.txt&quot; -o /Users/mleykhner/Downloads/task2.txt"
            isEnabled = "NO">
         </CommandLineArgument>
         <CommandLineArgument
            argument = "3 -m &quot;/Users/mleykhner/Documents/GraphLab/Tasks/task3/matrix_t3_010.txt&quot;"
            isEnabled = "NO">
         </CommandLineArgument>
         <CommandLineArgument
            argument = "4 -e &quot;/Users/mleykhner/Documents/GraphLab/Tasks/task4/list_of_edges_t4_010.txt&quot; -s"
            isEnabled = "NO">
         </CommandLineArgument>
         <CommandLineArgument
            argument = "5 -m &quot;/Users/mleykhner/Documents/GraphLab/Tasks/task5/matrix_t5_011.txt&quot; -n 2 -d 9"
            isEnabled = "NO">
         </CommandLineArgument>
         <CommandLineArgument
            argument = "6 -m &quot;/Users/mleykhner/Documents/GraphLab/Tasks/task6/matrix_t6_003.txt&quot; -d -n 10"
            isEnabled = "NO">
         </CommandLineArgument>
         <CommandLineArgument
            argument = "8 -m &quot;/Users/mleykhner/Documents/GraphLab/Tasks/task8/map_005.txt&quot; -n 12 0 -d 22 21"
            isEnabled = "NO">
         </CommandLineArgument>
         <CommandLineArgument
            argument = "9 -m &quot;/Users/mleykhner/Documents/GraphLab/Tasks/task9/matrix_t9_001.txt&quot; -b"
            isEnabled = "YES">
         </CommandLineArgument>
         <CommandLineArgument
            argument = "10 -m &quot;/Users/mleykhner/Documents/GraphLab/Tasks/task10/matrix_t10_008.txt&quot;"
            isEnabled = "NO">
         </CommandLineArgument>
      </CommandLineArguments>
      <LocationScenarioReference
         identifier = "com.apple.dt.IDEFoundation.CurrentLocationScenarioIdentifier"
         referenceType = "1">
      </LocationScenarioReference>
   </LaunchAction>
   <ProfileAction
      buildConfiguration = "Release"
      shouldUseLaunchSchemeArgsEnv = "YES"
      savedToolIdentifier = ""
      useCustomWorkingDirectory = "NO"
      debugDocumentVersioning = "YES">
      <BuildableProductRunnable
         runnableDebuggingMode = "0">
         <BuildableReference
            BuildableIdentifier = "primary"
            BlueprintIdentifier = "ADC4E90529DB44D900902B38"
            BuildableName = "grapher"
            BlueprintName = "grapher"
            ReferencedContainer = "container:grapher.xcodeproj">
         </BuildableReference>
      </BuildableProductRunnable>
   </ProfileAction>
   <AnalyzeAction
      buildConfiguration = "Debug">
   </AnalyzeAction>
   <ArchiveAction
      buildConfiguration = "Release"
      revealArchiveInOrganizer = "YES">
   </ArchiveAction>
</Scheme>
